// !$*UTF8*$!
{
	archiveVersion = 1;
	classes = {
	};
	objectVersion = 50;
	objects = {

/* Begin PBXBuildFile section */
		F83A807526DDEE7E008CF94F /* HackStepsApp.swift in Sources */ = {isa = PBXBuildFile; fileRef = F83A807426DDEE7E008CF94F /* HackStepsApp.swift */; };
		F83A807726DDEE7E008CF94F /* ContentView.swift in Sources */ = {isa = PBXBuildFile; fileRef = F83A807626DDEE7E008CF94F /* ContentView.swift */; };
		F83A807926DDEE80008CF94F /* Assets.xcassets in Resources */ = {isa = PBXBuildFile; fileRef = F83A807826DDEE80008CF94F /* Assets.xcassets */; };
		F83A807C26DDEE80008CF94F /* Preview Assets.xcassets in Resources */ = {isa = PBXBuildFile; fileRef = F83A807B26DDEE80008CF94F /* Preview Assets.xcassets */; };
		F83A808626DDEEE6008CF94F /* HealthKit.framework in Frameworks */ = {isa = PBXBuildFile; fileRef = F83A808526DDEEE6008CF94F /* HealthKit.framework */; };
/* End PBXBuildFile section */

/* Begin PBXFileReference section */
		F83A807126DDEE7E008CF94F /* HackSteps.app */ = {isa = PBXFileReference; explicitFileType = wrapper.application; includeInIndex = 0; path = HackSteps.app; sourceTree = BUILT_PRODUCTS_DIR; };
		F83A807426DDEE7E008CF94F /* HackStepsApp.swift */ = {isa = PBXFileReference; lastKnownFileType = sourcecode.swift; path = HackStepsApp.swift; sourceTree = "<group>"; };
		F83A807626DDEE7E008CF94F /* ContentView.swift */ = {isa = PBXFileReference; lastKnownFileType = sourcecode.swift; path = ContentView.swift; sourceTree = "<group>"; };
		F83A807826DDEE80008CF94F /* Assets.xcassets */ = {isa = PBXFileReference; lastKnownFileType = folder.assetcatalog; path = Assets.xcassets; sourceTree = "<group>"; };
		F83A807B26DDEE80008CF94F /* Preview Assets.xcassets */ = {isa = PBXFileReference; lastKnownFileType = folder.assetcatalog; path = "Preview Assets.xcassets"; sourceTree = "<group>"; };
		F83A807D26DDEE80008CF94F /* Info.plist */ = {isa = PBXFileReference; lastKnownFileType = text.plist.xml; path = Info.plist; sourceTree = "<group>"; };
		F83A808326DDEEE6008CF94F /* HackSteps.entitlements */ = {isa = PBXFileReference; lastKnownFileType = text.plist.entitlements; path = HackSteps.entitlements; sourceTree = "<group>"; };
		F83A808526DDEEE6008CF94F /* HealthKit.framework */ = {isa = PBXFileReference; lastKnownFileType = wrapper.framework; name = HealthKit.framework; path = System/Library/Frameworks/HealthKit.framework; sourceTree = SDKROOT; };
/* End PBXFileReference section */

/* Begin PBXFrameworksBuildPhase section */
		F83A806E26DDEE7E008CF94F /* Frameworks */ = {
			isa = PBXFrameworksBuildPhase;
			buildActionMask = 2147483647;
			files = (
				F83A808626DDEEE6008CF94F /* HealthKit.framework in Frameworks */,
			);
			runOnlyForDeploymentPostprocessing = 0;
		};
/* End PBXFrameworksBuildPhase section */

/* Begin PBXGroup section */
		F83A806826DDEE7E008CF94F = {
			isa = PBXGroup;
			children = (
				F83A807326DDEE7E008CF94F /* HackSteps */,
				F83A807226DDEE7E008CF94F /* Products */,
				F83A808426DDEEE6008CF94F /* Frameworks */,
			);
			sourceTree = "<group>";
		};
		F83A807226DDEE7E008CF94F /* Products */ = {
			isa = PBXGroup;
			children = (
				F83A807126DDEE7E008CF94F /* HackSteps.app */,
			);
			name = Products;
			sourceTree = "<group>";
		};
		F83A807326DDEE7E008CF94F /* HackSteps */ = {
			isa = PBXGroup;
			children = (
				F83A808326DDEEE6008CF94F /* HackSteps.entitlements */,
				F83A807426DDEE7E008CF94F /* HackStepsApp.swift */,
				F83A807626DDEE7E008CF94F /* ContentView.swift */,
				F83A807826DDEE80008CF94F /* Assets.xcassets */,
				F83A807D26DDEE80008CF94F /* Info.plist */,
				F83A807A26DDEE80008CF94F /* Preview Content */,
			);
			path = HackSteps;
			sourceTree = "<group>";
		};
		F83A807A26DDEE80008CF94F /* Preview Content */ = {
			isa = PBXGroup;
			children = (
				F83A807B26DDEE80008CF94F /* Preview Assets.xcassets */,
			);
			path = "Preview Content";
			sourceTree = "<group>";
		};
		F83A808426DDEEE6008CF94F /* Frameworks */ = {
			isa = PBXGroup;
			children = (
				F83A808526DDEEE6008CF94F /* HealthKit.framework */,
			);
			name = Frameworks;
			sourceTree = "<group>";
		};
/* End PBXGroup section */

/* Begin PBXNativeTarget section */
		F83A807026DDEE7E008CF94F /* HackSteps */ = {
			isa = PBXNativeTarget;
			buildConfigurationList = F83A808026DDEE80008CF94F /* Build configuration list for PBXNativeTarget "HackSteps" */;
			buildPhases = (
				F83A806D26DDEE7E008CF94F /* Sources */,
				F83A806E26DDEE7E008CF94F /* Frameworks */,
				F83A806F26DDEE7E008CF94F /* Resources */,
			);
			buildRules = (
			);
			dependencies = (
			);
			name = HackSteps;
			productName = HackSteps;
			productReference = F83A807126DDEE7E008CF94F /* HackSteps.app */;
			productType = "com.apple.product-type.application";
		};
/* End PBXNativeTarget section */

/* Begin PBXProject section */
		F83A806926DDEE7E008CF94F /* Project object */ = {
			isa = PBXProject;
			attributes = {
				LastSwiftUpdateCheck = 1250;
				LastUpgradeCheck = 1250;
				TargetAttributes = {
					F83A807026DDEE7E008CF94F = {
						CreatedOnToolsVersion = 12.5.1;
					};
				};
			};
			buildConfigurationList = F83A806C26DDEE7E008CF94F /* Build configuration list for PBXProject "HackSteps" */;
			compatibilityVersion = "Xcode 9.3";
			developmentRegion = en;
			hasScannedForEncodings = 0;
			knownRegions = (
				en,
				Base,
			);
			mainGroup = F83A806826DDEE7E008CF94F;
			productRefGroup = F83A807226DDEE7E008CF94F /* Products */;
			projectDirPath = "";
			projectRoot = "";
			targets = (
				F83A807026DDEE7E008CF94F /* HackSteps */,
			);
		};
/* End PBXProject section */

/* Begin PBXResourcesBuildPhase section */
		F83A806F26DDEE7E008CF94F /* Resources */ = {
			isa = PBXResourcesBuildPhase;
			buildActionMask = 2147483647;
			files = (
				F83A807C26DDEE80008CF94F /* Preview Assets.xcassets in Resources */,
				F83A807926DDEE80008CF94F /* Assets.xcassets in Resources */,
			);
			runOnlyForDeploymentPostprocessing = 0;
		};
/* End PBXResourcesBuildPhase section */

/* Begin PBXSourcesBuildPhase section */
		F83A806D26DDEE7E008CF94F /* Sources */ = {
			isa = PBXSourcesBuildPhase;
			buildActionMask = 2147483647;
			files = (
				F83A807726DDEE7E008CF94F /* ContentView.swift in Sources */,
				F83A807526DDEE7E008CF94F /* HackStepsApp.swift in Sources */,
			);
			runOnlyForDeploymentPostprocessing = 0;
		};
/* End PBXSourcesBuildPhase section */

/* Begin XCBuildConfiguration section */
		F83A807E26DDEE80008CF94F /* Debug */ = {
			isa = XCBuildConfiguration;
			buildSettings = {
				ALWAYS_SEARCH_USER_PATHS = NO;
				CLANG_ANALYZER_NONNULL = YES;
				CLANG_ANALYZER_NUMBER_OBJECT_CONVERSION = YES_AGGRESSIVE;
				CLANG_CXX_LANGUAGE_STANDARD = "gnu++14";
				CLANG_CXX_LIBRARY = "libc++";
				CLANG_ENABLE_MODULES = YES;
				CLANG_ENABLE_OBJC_ARC = YES;
				CLANG_ENABLE_OBJC_WEAK = YES;
				CLANG_WARN_BLOCK_CAPTURE_AUTORELEASING = YES;
				CLANG_WARN_BOOL_CONVERSION = YES;
				CLANG_WARN_COMMA = YES;
				CLANG_WARN_CONSTANT_CONVERSION = YES;
				CLANG_WARN_DEPRECATED_OBJC_IMPLEMENTATIONS = YES;
				CLANG_WARN_DIRECT_OBJC_ISA_USAGE = YES_ERROR;
				CLANG_WARN_DOCUMENTATION_COMMENTS = YES;
				CLANG_WARN_EMPTY_BODY = YES;
				CLANG_WARN_ENUM_CONVERSION = YES;
				CLANG_WARN_INFINITE_RECURSION = YES;
				CLANG_WARN_INT_CONVERSION = YES;
				CLANG_WARN_NON_LITERAL_NULL_CONVERSION = YES;
				CLANG_WARN_OBJC_IMPLICIT_RETAIN_SELF = YES;
				CLANG_WARN_OBJC_LITERAL_CONVERSION = YES;
				CLANG_WARN_OBJC_ROOT_CLASS = YES_ERROR;
				CLANG_WARN_QUOTED_INCLUDE_IN_FRAMEWORK_HEADER = YES;
				CLANG_WARN_RANGE_LOOP_ANALYSIS = YES;
				CLANG_WARN_STRICT_PROTOTYPES = YES;
				CLANG_WARN_SUSPICIOUS_MOVE = YES;
				CLANG_WARN_UNGUARDED_AVAILABILITY = YES_AGGRESSIVE;
				CLANG_WARN_UNREACHABLE_CODE = YES;
				CLANG_WARN__DUPLICATE_METHOD_MATCH = YES;
				COPY_PHASE_STRIP = NO;
				DEBUG_INFORMATION_FORMAT = dwarf;
				ENABLE_STRICT_OBJC_MSGSEND = YES;
				ENABLE_TESTABILITY = YES;
				GCC_C_LANGUAGE_STANDARD = gnu11;
				GCC_DYNAMIC_NO_PIC = NO;
				GCC_NO_COMMON_BLOCKS = YES;
				GCC_OPTIMIZATION_LEVEL = 0;
				GCC_PREPROCESSOR_DEFINITIONS = (
					"DEBUG=1",
					"$(inherited)",
				);
				GCC_WARN_64_TO_32_BIT_CONVERSION = YES;
				GCC_WARN_ABOUT_RETURN_TYPE = YES_ERROR;
				GCC_WARN_UNDECLARED_SELECTOR = YES;
				GCC_WARN_UNINITIALIZED_AUTOS = YES_AGGRESSIVE;
				GCC_WARN_UNUSED_FUNCTION = YES;
				GCC_WARN_UNUSED_VARIABLE = YES;
				IPHONEOS_DEPLOYMENT_TARGET = 14.5;
				MTL_ENABLE_DEBUG_INFO = INCLUDE_SOURCE;
				MTL_FAST_MATH = YES;
				ONLY_ACTIVE_ARCH = YES;
				SDKROOT = iphoneos;
				SWIFT_ACTIVE_COMPILATION_CONDITIONS = DEBUG;
				SWIFT_OPTIMIZATION_LEVEL = "-Onone";
			};
			name = Debug;
		};
		F83A807F26DDEE80008CF94F /* Release */ = {
			isa = XCBuildConfiguration;
			buildSettings = {
				ALWAYS_SEARCH_USER_PATHS = NO;
				CLANG_ANALYZER_NONNULL = YES;
				CLANG_ANALYZER_NUMBER_OBJECT_CONVERSION = YES_AGGRESSIVE;
				CLANG_CXX_LANGUAGE_STANDARD = "gnu++14";
				CLANG_CXX_LIBRARY = "libc++";
				CLANG_ENABLE_MODULES = YES;
				CLANG_ENABLE_OBJC_ARC = YES;
				CLANG_ENABLE_OBJC_WEAK = YES;
				CLANG_WARN_BLOCK_CAPTURE_AUTORELEASING = YES;
				CLANG_WARN_BOOL_CONVERSION = YES;
				CLANG_WARN_COMMA = YES;
				CLANG_WARN_CONSTANT_CONVERSION = YES;
				CLANG_WARN_DEPRECATED_OBJC_IMPLEMENTATIONS = YES;
				CLANG_WARN_DIRECT_OBJC_ISA_USAGE = YES_ERROR;
				CLANG_WARN_DOCUMENTATION_COMMENTS = YES;
				CLANG_WARN_EMPTY_BODY = YES;
				CLANG_WARN_ENUM_CONVERSION = YES;
				CLANG_WARN_INFINITE_RECURSION = YES;
				CLANG_WARN_INT_CONVERSION = YES;
				CLANG_WARN_NON_LITERAL_NULL_CONVERSION = YES;
				CLANG_WARN_OBJC_IMPLICIT_RETAIN_SELF = YES;
				CLANG_WARN_OBJC_LITERAL_CONVERSION = YES;
				CLANG_WARN_OBJC_ROOT_CLASS = YES_ERROR;
				CLANG_WARN_QUOTED_INCLUDE_IN_FRAMEWORK_HEADER = YES;
				CLANG_WARN_RANGE_LOOP_ANALYSIS = YES;
				CLANG_WARN_STRICT_PROTOTYPES = YES;
				CLANG_WARN_SUSPICIOUS_MOVE = YES;
				CLANG_WARN_UNGUARDED_AVAILABILITY = YES_AGGRESSIVE;
				CLANG_WARN_UNREACHABLE_CODE = YES;
				CLANG_WARN__DUPLICATE_METHOD_MATCH = YES;
				COPY_PHASE_STRIP = NO;
				DEBUG_INFORMATION_FORMAT = "dwarf-with-dsym";
				ENABLE_NS_ASSERTIONS = NO;
				ENABLE_STRICT_OBJC_MSGSEND = YES;
				GCC_C_LANGUAGE_STANDARD = gnu11;
				GCC_NO_COMMON_BLOCKS = YES;
				GCC_WARN_64_TO_32_BIT_CONVERSION = YES;
				GCC_WARN_ABOUT_RETURN_TYPE = YES_ERROR;
				GCC_WARN_UNDECLARED_SELECTOR = YES;
				GCC_WARN_UNINITIALIZED_AUTOS = YES_AGGRESSIVE;
				GCC_WARN_UNUSED_FUNCTION = YES;
				GCC_WARN_UNUSED_VARIABLE = YES;
				IPHONEOS_DEPLOYMENT_TARGET = 14.5;
				MTL_ENABLE_DEBUG_INFO = NO;
				MTL_FAST_MATH = YES;
				SDKROOT = iphoneos;
				SWIFT_COMPILATION_MODE = wholemodule;
				SWIFT_OPTIMIZATION_LEVEL = "-O";
				VALIDATE_PRODUCT = YES;
			};
			name = Release;
		};
		F83A808126DDEE80008CF94F /* Debug */ = {
			isa = XCBuildConfiguration;
			buildSettings = {
				ASSETCATALOG_COMPILER_APPICON_NAME = AppIcon;
				ASSETCATALOG_COMPILER_GLOBAL_ACCENT_COLOR_NAME = AccentColor;
				CODE_SIGN_ENTITLEMENTS = HackSteps/HackSteps.entitlements;
				CODE_SIGN_STYLE = Automatic;
				DEVELOPMENT_ASSET_PATHS = "\"HackSteps/Preview Content\"";
				DEVELOPMENT_TEAM = BBESPWLU2A;
				ENABLE_PREVIEWS = YES;
				INFOPLIST_FILE = HackSteps/Info.plist;
				IPHONEOS_DEPLOYMENT_TARGET = 14.0;
				LD_RUNPATH_SEARCH_PATHS = (
					"$(inherited)",
					"@executable_path/Frameworks",
				);
				PRODUCT_BUNDLE_IDENTIFIER = xyz.myzhangll.HackSteps;
				PRODUCT_NAME = "$(TARGET_NAME)";
				SWIFT_VERSION = 5.0;
				TARGETED_DEVICE_FAMILY = "1,2";
			};
			name = Debug;
		};
		F83A808226DDEE80008CF94F /* Release */ = {
			isa = XCBuildConfiguration;
			buildSettings = {
				ASSETCATALOG_COMPILER_APPICON_NAME = AppIcon;
				ASSETCATALOG_COMPILER_GLOBAL_ACCENT_COLOR_NAME = AccentColor;
				CODE_SIGN_ENTITLEMENTS = HackSteps/HackSteps.entitlements;
				CODE_SIGN_STYLE = Automatic;
				DEVELOPMENT_ASSET_PATHS = "\"HackSteps/Preview Content\"";
				DEVELOPMENT_TEAM = BBESPWLU2A;
				ENABLE_PREVIEWS = YES;
				INFOPLIST_FILE = HackSteps/Info.plist;
				IPHONEOS_DEPLOYMENT_TARGET = 14.0;
				LD_RUNPATH_SEARCH_PATHS = (
					"$(inherited)",
					"@executable_path/Frameworks",
				);
				PRODUCT_BUNDLE_IDENTIFIER = xyz.myzhangll.HackSteps;
				PRODUCT_NAME = "$(TARGET_NAME)";
				SWIFT_VERSION = 5.0;
				TARGETED_DEVICE_FAMILY = "1,2";
			};
			name = Release;
		};
/* End XCBuildConfiguration section */

/* Begin XCConfigurationList section */
		F83A806C26DDEE7E008CF94F /* Build configuration list for PBXProject "HackSteps" */ = {
			isa = XCConfigurationList;
			buildConfigurations = (
				F83A807E26DDEE80008CF94F /* Debug */,
				F83A807F26DDEE80008CF94F /* Release */,
			);
			defaultConfigurationIsVisible = 0;
			defaultConfigurationName = Release;
		};
		F83A808026DDEE80008CF94F /* Build configuration list for PBXNativeTarget "HackSteps" */ = {
			isa = XCConfigurationList;
			buildConfigurations = (
				F83A808126DDEE80008CF94F /* Debug */,
				F83A808226DDEE80008CF94F /* Release */,
			);
			defaultConfigurationIsVisible = 0;
			defaultConfigurationName = Release;
		};
/* End XCConfigurationList section */
	};
	rootObject = F83A806926DDEE7E008CF94F /* Project object */;
}
